
Microsoft Visual Studio Solution File, Format Version 12.00
# Visual Studio Version 17
VisualStudioVersion = 17.14.36717.8
MinimumVisualStudioVersion = 10.0.40219.1
Project("{FAE04EC0-301F-11D3-BF4B-00C04F79EFBC}") = "lab-2", "KAI-2-year-lab\lab-2.csproj", "{34AB4F1C-0B64-40C4-A265-51DB7615F168}"
EndProject
Project("{FAE04EC0-301F-11D3-BF4B-00C04F79EFBC}") = "lab-4", "lab-4\lab-4.csproj", "{F8FB5E86-7E87-429E-B85C-004724E503EB}"
EndProject
Project("{8BC9CEB8-8B4A-11D0-8D11-00A0C91BC942}") = "appz_lab1", "appz_lab1\appz_lab1.vcxproj", "{EECBC40E-6138-41A0-9B60-1E2D59E9C432}"
EndProject
Project("{8BC9CEB8-8B4A-11D0-8D11-00A0C91BC942}") = "ands_1.1", "ands_1.1\ands_1.1.vcxproj", "{C0F579CA-B304-479C-8FB2-4C444C828B66}"
EndProject
Project("{2150E333-8FDC-42A3-9474-1A3956D46DE8}") = "kdpz", "kdpz", "{02EA681E-C7D8-13C7-8484-4AC65E1B71E8}"
EndProject
Project("{8BC9CEB8-8B4A-11D0-8D11-00A0C91BC942}") = "ands_1.2", "ands_1.2\ands_1.2.vcxproj", "{571E2940-D327-48B1-993C-CE8513AE65F3}"
EndProject
Project("{8BC9CEB8-8B4A-11D0-8D11-00A0C91BC942}") = "ands_1.3", "ands_1.3\ands_1.3.vcxproj", "{6D4F8FC1-0F4F-4955-9D8D-B338F09E1C6F}"
EndProject
Project("{8BC9CEB8-8B4A-11D0-8D11-00A0C91BC942}") = "ands_1.4", "ands_1.4\ands_1.4.vcxproj", "{9A17ED57-4D3A-4F83-A716-CE5B5EBF500A}"
EndProject
Project("{8BC9CEB8-8B4A-11D0-8D11-00A0C91BC942}") = "ands_1.5", "ands_1.5\ands_1.5.vcxproj", "{8821DEAD-E6DA-4B62-A1C4-56E747388739}"
EndProject
Project("{8BC9CEB8-8B4A-11D0-8D11-00A0C91BC942}") = "ands_1.6", "ands_1.6\ands_1.6.vcxproj", "{6E830907-78BD-4B33-99D3-2C3FF4698220}"
EndProject
Project("{8BC9CEB8-8B4A-11D0-8D11-00A0C91BC942}") = "ands_2.1", "ands_2.1\ands_2.1.vcxproj", "{C3FCFAE2-E75D-4923-B467-5084FBC32F3D}"
EndProject
Project("{8BC9CEB8-8B4A-11D0-8D11-00A0C91BC942}") = "ands_2.2", "ands_2.2\ands_2.2.vcxproj", "{F061178B-2CB3-4A6D-8598-B671153C6FEC}"
EndProject
Project("{8BC9CEB8-8B4A-11D0-8D11-00A0C91BC942}") = "ands_2.3", "ands_2.3\ands_2.3.vcxproj", "{7FEDCB53-1BAB-4ECD-BB33-33B154661F3B}"
EndProject
Project("{8BC9CEB8-8B4A-11D0-8D11-00A0C91BC942}") = "ands_hw", "ands_hw\ands_hw.vcxproj", "{5D09E842-1038-470E-A657-BB4953934335}"
EndProject
Global
	GlobalSection(SolutionConfigurationPlatforms) = preSolution
		Debug|Any CPU = Debug|Any CPU
		Debug|x64 = Debug|x64
		Debug|x86 = Debug|x86
		Release|Any CPU = Release|Any CPU
		Release|x64 = Release|x64
		Release|x86 = Release|x86
	EndGlobalSection
	GlobalSection(ProjectConfigurationPlatforms) = postSolution
		{34AB4F1C-0B64-40C4-A265-51DB7615F168}.Debug|Any CPU.ActiveCfg = Debug|Any CPU
		{34AB4F1C-0B64-40C4-A265-51DB7615F168}.Debug|Any CPU.Build.0 = Debug|Any CPU
		{34AB4F1C-0B64-40C4-A265-51DB7615F168}.Debug|x64.ActiveCfg = Debug|Any CPU
		{34AB4F1C-0B64-40C4-A265-51DB7615F168}.Debug|x64.Build.0 = Debug|Any CPU
		{34AB4F1C-0B64-40C4-A265-51DB7615F168}.Debug|x86.ActiveCfg = Debug|Any CPU
		{34AB4F1C-0B64-40C4-A265-51DB7615F168}.Debug|x86.Build.0 = Debug|Any CPU
		{34AB4F1C-0B64-40C4-A265-51DB7615F168}.Release|Any CPU.ActiveCfg = Release|Any CPU
		{34AB4F1C-0B64-40C4-A265-51DB7615F168}.Release|Any CPU.Build.0 = Release|Any CPU
		{34AB4F1C-0B64-40C4-A265-51DB7615F168}.Release|x64.ActiveCfg = Release|Any CPU
		{34AB4F1C-0B64-40C4-A265-51DB7615F168}.Release|x64.Build.0 = Release|Any CPU
		{34AB4F1C-0B64-40C4-A265-51DB7615F168}.Release|x86.ActiveCfg = Release|Any CPU
		{34AB4F1C-0B64-40C4-A265-51DB7615F168}.Release|x86.Build.0 = Release|Any CPU
		{F8FB5E86-7E87-429E-B85C-004724E503EB}.Debug|Any CPU.ActiveCfg = Debug|Any CPU
		{F8FB5E86-7E87-429E-B85C-004724E503EB}.Debug|Any CPU.Build.0 = Debug|Any CPU
		{F8FB5E86-7E87-429E-B85C-004724E503EB}.Debug|x64.ActiveCfg = Debug|Any CPU
		{F8FB5E86-7E87-429E-B85C-004724E503EB}.Debug|x64.Build.0 = Debug|Any CPU
		{F8FB5E86-7E87-429E-B85C-004724E503EB}.Debug|x86.ActiveCfg = Debug|Any CPU
		{F8FB5E86-7E87-429E-B85C-004724E503EB}.Debug|x86.Build.0 = Debug|Any CPU
		{F8FB5E86-7E87-429E-B85C-004724E503EB}.Release|Any CPU.ActiveCfg = Release|Any CPU
		{F8FB5E86-7E87-429E-B85C-004724E503EB}.Release|Any CPU.Build.0 = Release|Any CPU
		{F8FB5E86-7E87-429E-B85C-004724E503EB}.Release|x64.ActiveCfg = Release|Any CPU
		{F8FB5E86-7E87-429E-B85C-004724E503EB}.Release|x64.Build.0 = Release|Any CPU
		{F8FB5E86-7E87-429E-B85C-004724E503EB}.Release|x86.ActiveCfg = Release|Any CPU
		{F8FB5E86-7E87-429E-B85C-004724E503EB}.Release|x86.Build.0 = Release|Any CPU
		{EECBC40E-6138-41A0-9B60-1E2D59E9C432}.Debug|Any CPU.ActiveCfg = Debug|x64
		{EECBC40E-6138-41A0-9B60-1E2D59E9C432}.Debug|Any CPU.Build.0 = Debug|x64
		{EECBC40E-6138-41A0-9B60-1E2D59E9C432}.Debug|x64.ActiveCfg = Debug|x64
		{EECBC40E-6138-41A0-9B60-1E2D59E9C432}.Debug|x64.Build.0 = Debug|x64
		{EECBC40E-6138-41A0-9B60-1E2D59E9C432}.Debug|x86.ActiveCfg = Debug|Win32
		{EECBC40E-6138-41A0-9B60-1E2D59E9C432}.Debug|x86.Build.0 = Debug|Win32
		{EECBC40E-6138-41A0-9B60-1E2D59E9C432}.Release|Any CPU.ActiveCfg = Release|x64
		{EECBC40E-6138-41A0-9B60-1E2D59E9C432}.Release|Any CPU.Build.0 = Release|x64
		{EECBC40E-6138-41A0-9B60-1E2D59E9C432}.Release|x64.ActiveCfg = Release|x64
		{EECBC40E-6138-41A0-9B60-1E2D59E9C432}.Release|x64.Build.0 = Release|x64
		{EECBC40E-6138-41A0-9B60-1E2D59E9C432}.Release|x86.ActiveCfg = Release|Win32
		{EECBC40E-6138-41A0-9B60-1E2D59E9C432}.Release|x86.Build.0 = Release|Win32
		{C0F579CA-B304-479C-8FB2-4C444C828B66}.Debug|Any CPU.ActiveCfg = Debug|x64
		{C0F579CA-B304-479C-8FB2-4C444C828B66}.Debug|Any CPU.Build.0 = Debug|x64
		{C0F579CA-B304-479C-8FB2-4C444C828B66}.Debug|x64.ActiveCfg = Debug|x64
		{C0F579CA-B304-479C-8FB2-4C444C828B66}.Debug|x64.Build.0 = Debug|x64
		{C0F579CA-B304-479C-8FB2-4C444C828B66}.Debug|x86.ActiveCfg = Debug|Win32
		{C0F579CA-B304-479C-8FB2-4C444C828B66}.Debug|x86.Build.0 = Debug|Win32
		{C0F579CA-B304-479C-8FB2-4C444C828B66}.Release|Any CPU.ActiveCfg = Release|x64
		{C0F579CA-B304-479C-8FB2-4C444C828B66}.Release|Any CPU.Build.0 = Release|x64
		{C0F579CA-B304-479C-8FB2-4C444C828B66}.Release|x64.ActiveCfg = Release|x64
		{C0F579CA-B304-479C-8FB2-4C444C828B66}.Release|x64.Build.0 = Release|x64
		{C0F579CA-B304-479C-8FB2-4C444C828B66}.Release|x86.ActiveCfg = Release|Win32
		{C0F579CA-B304-479C-8FB2-4C444C828B66}.Release|x86.Build.0 = Release|Win32
		{571E2940-D327-48B1-993C-CE8513AE65F3}.Debug|Any CPU.ActiveCfg = Debug|x64
		{571E2940-D327-48B1-993C-CE8513AE65F3}.Debug|Any CPU.Build.0 = Debug|x64
		{571E2940-D327-48B1-993C-CE8513AE65F3}.Debug|x64.ActiveCfg = Debug|x64
		{571E2940-D327-48B1-993C-CE8513AE65F3}.Debug|x64.Build.0 = Debug|x64
		{571E2940-D327-48B1-993C-CE8513AE65F3}.Debug|x86.ActiveCfg = Debug|Win32
		{571E2940-D327-48B1-993C-CE8513AE65F3}.Debug|x86.Build.0 = Debug|Win32
		{571E2940-D327-48B1-993C-CE8513AE65F3}.Release|Any CPU.ActiveCfg = Release|x64
		{571E2940-D327-48B1-993C-CE8513AE65F3}.Release|Any CPU.Build.0 = Release|x64
		{571E2940-D327-48B1-993C-CE8513AE65F3}.Release|x64.ActiveCfg = Release|x64
		{571E2940-D327-48B1-993C-CE8513AE65F3}.Release|x64.Build.0 = Release|x64
		{571E2940-D327-48B1-993C-CE8513AE65F3}.Release|x86.ActiveCfg = Release|Win32
		{571E2940-D327-48B1-993C-CE8513AE65F3}.Release|x86.Build.0 = Release|Win32
		{6D4F8FC1-0F4F-4955-9D8D-B338F09E1C6F}.Debug|Any CPU.ActiveCfg = Debug|x64
		{6D4F8FC1-0F4F-4955-9D8D-B338F09E1C6F}.Debug|Any CPU.Build.0 = Debug|x64
		{6D4F8FC1-0F4F-4955-9D8D-B338F09E1C6F}.Debug|x64.ActiveCfg = Debug|x64
		{6D4F8FC1-0F4F-4955-9D8D-B338F09E1C6F}.Debug|x64.Build.0 = Debug|x64
		{6D4F8FC1-0F4F-4955-9D8D-B338F09E1C6F}.Debug|x86.ActiveCfg = Debug|Win32
		{6D4F8FC1-0F4F-4955-9D8D-B338F09E1C6F}.Debug|x86.Build.0 = Debug|Win32
		{6D4F8FC1-0F4F-4955-9D8D-B338F09E1C6F}.Release|Any CPU.ActiveCfg = Release|x64
		{6D4F8FC1-0F4F-4955-9D8D-B338F09E1C6F}.Release|Any CPU.Build.0 = Release|x64
		{6D4F8FC1-0F4F-4955-9D8D-B338F09E1C6F}.Release|x64.ActiveCfg = Release|x64
		{6D4F8FC1-0F4F-4955-9D8D-B338F09E1C6F}.Release|x64.Build.0 = Release|x64
		{6D4F8FC1-0F4F-4955-9D8D-B338F09E1C6F}.Release|x86.ActiveCfg = Release|Win32
		{6D4F8FC1-0F4F-4955-9D8D-B338F09E1C6F}.Release|x86.Build.0 = Release|Win32
		{9A17ED57-4D3A-4F83-A716-CE5B5EBF500A}.Debug|Any CPU.ActiveCfg = Debug|x64
		{9A17ED57-4D3A-4F83-A716-CE5B5EBF500A}.Debug|Any CPU.Build.0 = Debug|x64
		{9A17ED57-4D3A-4F83-A716-CE5B5EBF500A}.Debug|x64.ActiveCfg = Debug|x64
		{9A17ED57-4D3A-4F83-A716-CE5B5EBF500A}.Debug|x64.Build.0 = Debug|x64
		{9A17ED57-4D3A-4F83-A716-CE5B5EBF500A}.Debug|x86.ActiveCfg = Debug|Win32
		{9A17ED57-4D3A-4F83-A716-CE5B5EBF500A}.Debug|x86.Build.0 = Debug|Win32
		{9A17ED57-4D3A-4F83-A716-CE5B5EBF500A}.Release|Any CPU.ActiveCfg = Release|x64
		{9A17ED57-4D3A-4F83-A716-CE5B5EBF500A}.Release|Any CPU.Build.0 = Release|x64
		{9A17ED57-4D3A-4F83-A716-CE5B5EBF500A}.Release|x64.ActiveCfg = Release|x64
		{9A17ED57-4D3A-4F83-A716-CE5B5EBF500A}.Release|x64.Build.0 = Release|x64
		{9A17ED57-4D3A-4F83-A716-CE5B5EBF500A}.Release|x86.ActiveCfg = Release|Win32
		{9A17ED57-4D3A-4F83-A716-CE5B5EBF500A}.Release|x86.Build.0 = Release|Win32
		{8821DEAD-E6DA-4B62-A1C4-56E747388739}.Debug|Any CPU.ActiveCfg = Debug|x64
		{8821DEAD-E6DA-4B62-A1C4-56E747388739}.Debug|Any CPU.Build.0 = Debug|x64
		{8821DEAD-E6DA-4B62-A1C4-56E747388739}.Debug|x64.ActiveCfg = Debug|x64
		{8821DEAD-E6DA-4B62-A1C4-56E747388739}.Debug|x64.Build.0 = Debug|x64
		{8821DEAD-E6DA-4B62-A1C4-56E747388739}.Debug|x86.ActiveCfg = Debug|Win32
		{8821DEAD-E6DA-4B62-A1C4-56E747388739}.Debug|x86.Build.0 = Debug|Win32
		{8821DEAD-E6DA-4B62-A1C4-56E747388739}.Release|Any CPU.ActiveCfg = Release|x64
		{8821DEAD-E6DA-4B62-A1C4-56E747388739}.Release|Any CPU.Build.0 = Release|x64
		{8821DEAD-E6DA-4B62-A1C4-56E747388739}.Release|x64.ActiveCfg = Release|x64
		{8821DEAD-E6DA-4B62-A1C4-56E747388739}.Release|x64.Build.0 = Release|x64
		{8821DEAD-E6DA-4B62-A1C4-56E747388739}.Release|x86.ActiveCfg = Release|Win32
		{8821DEAD-E6DA-4B62-A1C4-56E747388739}.Release|x86.Build.0 = Release|Win32
		{6E830907-78BD-4B33-99D3-2C3FF4698220}.Debug|Any CPU.ActiveCfg = Debug|x64
		{6E830907-78BD-4B33-99D3-2C3FF4698220}.Debug|Any CPU.Build.0 = Debug|x64
		{6E830907-78BD-4B33-99D3-2C3FF4698220}.Debug|x64.ActiveCfg = Debug|x64
		{6E830907-78BD-4B33-99D3-2C3FF4698220}.Debug|x64.Build.0 = Debug|x64
		{6E830907-78BD-4B33-99D3-2C3FF4698220}.Debug|x86.ActiveCfg = Debug|Win32
		{6E830907-78BD-4B33-99D3-2C3FF4698220}.Debug|x86.Build.0 = Debug|Win32
		{6E830907-78BD-4B33-99D3-2C3FF4698220}.Release|Any CPU.ActiveCfg = Release|x64
		{6E830907-78BD-4B33-99D3-2C3FF4698220}.Release|Any CPU.Build.0 = Release|x64
		{6E830907-78BD-4B33-99D3-2C3FF4698220}.Release|x64.ActiveCfg = Release|x64
		{6E830907-78BD-4B33-99D3-2C3FF4698220}.Release|x64.Build.0 = Release|x64
		{6E830907-78BD-4B33-99D3-2C3FF4698220}.Release|x86.ActiveCfg = Release|Win32
		{6E830907-78BD-4B33-99D3-2C3FF4698220}.Release|x86.Build.0 = Release|Win32
		{C3FCFAE2-E75D-4923-B467-5084FBC32F3D}.Debug|Any CPU.ActiveCfg = Debug|x64
		{C3FCFAE2-E75D-4923-B467-5084FBC32F3D}.Debug|Any CPU.Build.0 = Debug|x64
		{C3FCFAE2-E75D-4923-B467-5084FBC32F3D}.Debug|x64.ActiveCfg = Debug|x64
		{C3FCFAE2-E75D-4923-B467-5084FBC32F3D}.Debug|x64.Build.0 = Debug|x64
		{C3FCFAE2-E75D-4923-B467-5084FBC32F3D}.Debug|x86.ActiveCfg = Debug|Win32
		{C3FCFAE2-E75D-4923-B467-5084FBC32F3D}.Debug|x86.Build.0 = Debug|Win32
		{C3FCFAE2-E75D-4923-B467-5084FBC32F3D}.Release|Any CPU.ActiveCfg = Release|x64
		{C3FCFAE2-E75D-4923-B467-5084FBC32F3D}.Release|Any CPU.Build.0 = Release|x64
		{C3FCFAE2-E75D-4923-B467-5084FBC32F3D}.Release|x64.ActiveCfg = Release|x64
		{C3FCFAE2-E75D-4923-B467-5084FBC32F3D}.Release|x64.Build.0 = Release|x64
		{C3FCFAE2-E75D-4923-B467-5084FBC32F3D}.Release|x86.ActiveCfg = Release|Win32
		{C3FCFAE2-E75D-4923-B467-5084FBC32F3D}.Release|x86.Build.0 = Release|Win32
		{F061178B-2CB3-4A6D-8598-B671153C6FEC}.Debug|Any CPU.ActiveCfg = Debug|x64
		{F061178B-2CB3-4A6D-8598-B671153C6FEC}.Debug|Any CPU.Build.0 = Debug|x64
		{F061178B-2CB3-4A6D-8598-B671153C6FEC}.Debug|x64.ActiveCfg = Debug|x64
		{F061178B-2CB3-4A6D-8598-B671153C6FEC}.Debug|x64.Build.0 = Debug|x64
		{F061178B-2CB3-4A6D-8598-B671153C6FEC}.Debug|x86.ActiveCfg = Debug|Win32
		{F061178B-2CB3-4A6D-8598-B671153C6FEC}.Debug|x86.Build.0 = Debug|Win32
		{F061178B-2CB3-4A6D-8598-B671153C6FEC}.Release|Any CPU.ActiveCfg = Release|x64
		{F061178B-2CB3-4A6D-8598-B671153C6FEC}.Release|Any CPU.Build.0 = Release|x64
		{F061178B-2CB3-4A6D-8598-B671153C6FEC}.Release|x64.ActiveCfg = Release|x64
		{F061178B-2CB3-4A6D-8598-B671153C6FEC}.Release|x64.Build.0 = Release|x64
		{F061178B-2CB3-4A6D-8598-B671153C6FEC}.Release|x86.ActiveCfg = Release|Win32
		{F061178B-2CB3-4A6D-8598-B671153C6FEC}.Release|x86.Build.0 = Release|Win32
		{7FEDCB53-1BAB-4ECD-BB33-33B154661F3B}.Debug|Any CPU.ActiveCfg = Debug|x64
		{7FEDCB53-1BAB-4ECD-BB33-33B154661F3B}.Debug|Any CPU.Build.0 = Debug|x64
		{7FEDCB53-1BAB-4ECD-BB33-33B154661F3B}.Debug|x64.ActiveCfg = Debug|x64
		{7FEDCB53-1BAB-4ECD-BB33-33B154661F3B}.Debug|x64.Build.0 = Debug|x64
		{7FEDCB53-1BAB-4ECD-BB33-33B154661F3B}.Debug|x86.ActiveCfg = Debug|Win32
		{7FEDCB53-1BAB-4ECD-BB33-33B154661F3B}.Debug|x86.Build.0 = Debug|Win32
		{7FEDCB53-1BAB-4ECD-BB33-33B154661F3B}.Release|Any CPU.ActiveCfg = Release|x64
		{7FEDCB53-1BAB-4ECD-BB33-33B154661F3B}.Release|Any CPU.Build.0 = Release|x64
		{7FEDCB53-1BAB-4ECD-BB33-33B154661F3B}.Release|x64.ActiveCfg = Release|x64
		{7FEDCB53-1BAB-4ECD-BB33-33B154661F3B}.Release|x64.Build.0 = Release|x64
		{7FEDCB53-1BAB-4ECD-BB33-33B154661F3B}.Release|x86.ActiveCfg = Release|Win32
		{7FEDCB53-1BAB-4ECD-BB33-33B154661F3B}.Release|x86.Build.0 = Release|Win32
		{5D09E842-1038-470E-A657-BB4953934335}.Debug|Any CPU.ActiveCfg = Debug|x64
		{5D09E842-1038-470E-A657-BB4953934335}.Debug|Any CPU.Build.0 = Debug|x64
		{5D09E842-1038-470E-A657-BB4953934335}.Debug|x64.ActiveCfg = Debug|x64
		{5D09E842-1038-470E-A657-BB4953934335}.Debug|x64.Build.0 = Debug|x64
		{5D09E842-1038-470E-A657-BB4953934335}.Debug|x86.ActiveCfg = Debug|Win32
		{5D09E842-1038-470E-A657-BB4953934335}.Debug|x86.Build.0 = Debug|Win32
		{5D09E842-1038-470E-A657-BB4953934335}.Release|Any CPU.ActiveCfg = Release|x64
		{5D09E842-1038-470E-A657-BB4953934335}.Release|Any CPU.Build.0 = Release|x64
		{5D09E842-1038-470E-A657-BB4953934335}.Release|x64.ActiveCfg = Release|x64
		{5D09E842-1038-470E-A657-BB4953934335}.Release|x64.Build.0 = Release|x64
		{5D09E842-1038-470E-A657-BB4953934335}.Release|x86.ActiveCfg = Release|Win32
		{5D09E842-1038-470E-A657-BB4953934335}.Release|x86.Build.0 = Release|Win32
	EndGlobalSection
	GlobalSection(SolutionProperties) = preSolution
		HideSolutionNode = FALSE
	EndGlobalSection
	GlobalSection(ExtensibilityGlobals) = postSolution
		SolutionGuid = {6C98D87A-259A-4F3E-8267-79333D6D166B}
	EndGlobalSection
EndGlobal
